
Microsoft Visual Studio Solution File, Format Version 12.00
# Visual Studio Version 17
VisualStudioVersion = 17.9.34701.34
MinimumVisualStudioVersion = 10.0.40219.1
Project("{FAE04EC0-301F-11D3-BF4B-00C04F79EFBC}") = "HolaMundo", "HolaMundo\HolaMundo.csproj", "{683CE49F-9574-4671-A40A-F9EB73239210}"
EndProject
Global
	GlobalSection(SolutionConfigurationPlatforms) = preSolution
		Debug|Any CPU = Debug|Any CPU
		Release|Any CPU = Release|Any CPU
	EndGlobalSection
	GlobalSection(ProjectConfigurationPlatforms) = postSolution
		{683CE49F-9574-4671-A40A-F9EB73239210}.Debug|Any CPU.ActiveCfg = Debug|Any CPU
		{683CE49F-9574-4671-A40A-F9EB73239210}.Debug|Any CPU.Build.0 = Debug|Any CPU
		{683CE49F-9574-4671-A40A-F9EB73239210}.Release|Any CPU.ActiveCfg = Release|Any CPU
		{683CE49F-9574-4671-A40A-F9EB73239210}.Release|Any CPU.Build.0 = Release|Any CPU
	EndGlobalSection
	GlobalSection(SolutionProperties) = preSolution
		HideSolutionNode = FALSE
	EndGlobalSection
	GlobalSection(ExtensibilityGlobals) = postSolution
		SolutionGuid = {0B8A9866-915F-464B-91A7-690C35F89DEA}
	EndGlobalSection
EndGlobal
