
Microsoft Visual Studio Solution File, Format Version 12.00
# Visual Studio Version 17
VisualStudioVersion = 17.9.34701.34
MinimumVisualStudioVersion = 10.0.40219.1
Project("{FAE04EC0-301F-11D3-BF4B-00C04F79EFBC}") = "Valoraciones", "Valoraciones\Valoraciones.csproj", "{7A92F2CF-3D12-4E47-A803-0012B038CE1E}"
EndProject
Project("{FAE04EC0-301F-11D3-BF4B-00C04F79EFBC}") = "Valoraciones.Test", "Valoraciones.Test\Valoraciones.Test.csproj", "{D6125CFC-DEA8-4483-95C9-ACD9201B6600}"
EndProject
Global
	GlobalSection(SolutionConfigurationPlatforms) = preSolution
		Debug|Any CPU = Debug|Any CPU
		Release|Any CPU = Release|Any CPU
	EndGlobalSection
	GlobalSection(ProjectConfigurationPlatforms) = postSolution
		{7A92F2CF-3D12-4E47-A803-0012B038CE1E}.Debug|Any CPU.ActiveCfg = Debug|Any CPU
		{7A92F2CF-3D12-4E47-A803-0012B038CE1E}.Debug|Any CPU.Build.0 = Debug|Any CPU
		{7A92F2CF-3D12-4E47-A803-0012B038CE1E}.Release|Any CPU.ActiveCfg = Release|Any CPU
		{7A92F2CF-3D12-4E47-A803-0012B038CE1E}.Release|Any CPU.Build.0 = Release|Any CPU
		{D6125CFC-DEA8-4483-95C9-ACD9201B6600}.Debug|Any CPU.ActiveCfg = Debug|Any CPU
		{D6125CFC-DEA8-4483-95C9-ACD9201B6600}.Debug|Any CPU.Build.0 = Debug|Any CPU
		{D6125CFC-DEA8-4483-95C9-ACD9201B6600}.Release|Any CPU.ActiveCfg = Release|Any CPU
		{D6125CFC-DEA8-4483-95C9-ACD9201B6600}.Release|Any CPU.Build.0 = Release|Any CPU
	EndGlobalSection
	GlobalSection(SolutionProperties) = preSolution
		HideSolutionNode = FALSE
	EndGlobalSection
	GlobalSection(ExtensibilityGlobals) = postSolution
		SolutionGuid = {64E62639-E7E5-4E3F-BE8B-155DF6AB1A66}
	EndGlobalSection
EndGlobal
